// !$*UTF8*$!
{
	archiveVersion = 1;
	classes = {
	};
	objectVersion = 46;
	objects = {

/* Begin PBXBuildFile section */
		FFFAB2601F15334C007662CA /* main.m in Sources */ = {isa = PBXBuildFile; fileRef = FFFAB25F1F15334C007662CA /* main.m */; };
		FFFAB2631F15334C007662CA /* AppDelegate.m in Sources */ = {isa = PBXBuildFile; fileRef = FFFAB2621F15334C007662CA /* AppDelegate.m */; };
		FFFAB2661F15334C007662CA /* MasterViewController.m in Sources */ = {isa = PBXBuildFile; fileRef = FFFAB2651F15334C007662CA /* MasterViewController.m */; };
		FFFAB2691F15334C007662CA /* DetailViewController.m in Sources */ = {isa = PBXBuildFile; fileRef = FFFAB2681F15334C007662CA /* DetailViewController.m */; };
		FFFAB26C1F15334C007662CA /* Main.storyboard in Resources */ = {isa = PBXBuildFile; fileRef = FFFAB26A1F15334C007662CA /* Main.storyboard */; };
		FFFAB26E1F15334C007662CA /* Assets.xcassets in Resources */ = {isa = PBXBuildFile; fileRef = FFFAB26D1F15334C007662CA /* Assets.xcassets */; };
		FFFAB2711F15334C007662CA /* LaunchScreen.storyboard in Resources */ = {isa = PBXBuildFile; fileRef = FFFAB26F1F15334C007662CA /* LaunchScreen.storyboard */; };
		FFFAB27A1F1538A0007662CA /* ToDo.m in Sources */ = {isa = PBXBuildFile; fileRef = FFFAB2791F1538A0007662CA /* ToDo.m */; };
		FFFAB27D1F153C73007662CA /* ToDoTableViewCell.m in Sources */ = {isa = PBXBuildFile; fileRef = FFFAB27C1F153C73007662CA /* ToDoTableViewCell.m */; };
		FFFAB2801F155C76007662CA /* NewItemViewController.m in Sources */ = {isa = PBXBuildFile; fileRef = FFFAB27F1F155C76007662CA /* NewItemViewController.m */; };
/* End PBXBuildFile section */

/* Begin PBXFileReference section */
		FFFAB25B1F15334C007662CA /* EveryDo.app */ = {isa = PBXFileReference; explicitFileType = wrapper.application; includeInIndex = 0; path = EveryDo.app; sourceTree = BUILT_PRODUCTS_DIR; };
		FFFAB25F1F15334C007662CA /* main.m */ = {isa = PBXFileReference; lastKnownFileType = sourcecode.c.objc; path = main.m; sourceTree = "<group>"; };
		FFFAB2611F15334C007662CA /* AppDelegate.h */ = {isa = PBXFileReference; lastKnownFileType = sourcecode.c.h; path = AppDelegate.h; sourceTree = "<group>"; };
		FFFAB2621F15334C007662CA /* AppDelegate.m */ = {isa = PBXFileReference; lastKnownFileType = sourcecode.c.objc; path = AppDelegate.m; sourceTree = "<group>"; };
		FFFAB2641F15334C007662CA /* MasterViewController.h */ = {isa = PBXFileReference; lastKnownFileType = sourcecode.c.h; path = MasterViewController.h; sourceTree = "<group>"; };
		FFFAB2651F15334C007662CA /* MasterViewController.m */ = {isa = PBXFileReference; lastKnownFileType = sourcecode.c.objc; path = MasterViewController.m; sourceTree = "<group>"; };
		FFFAB2671F15334C007662CA /* DetailViewController.h */ = {isa = PBXFileReference; lastKnownFileType = sourcecode.c.h; path = DetailViewController.h; sourceTree = "<group>"; };
		FFFAB2681F15334C007662CA /* DetailViewController.m */ = {isa = PBXFileReference; lastKnownFileType = sourcecode.c.objc; path = DetailViewController.m; sourceTree = "<group>"; };
		FFFAB26B1F15334C007662CA /* Base */ = {isa = PBXFileReference; lastKnownFileType = file.storyboard; name = Base; path = Base.lproj/Main.storyboard; sourceTree = "<group>"; };
		FFFAB26D1F15334C007662CA /* Assets.xcassets */ = {isa = PBXFileReference; lastKnownFileType = folder.assetcatalog; path = Assets.xcassets; sourceTree = "<group>"; };
		FFFAB2701F15334C007662CA /* Base */ = {isa = PBXFileReference; lastKnownFileType = file.storyboard; name = Base; path = Base.lproj/LaunchScreen.storyboard; sourceTree = "<group>"; };
		FFFAB2721F15334C007662CA /* Info.plist */ = {isa = PBXFileReference; lastKnownFileType = text.plist.xml; path = Info.plist; sourceTree = "<group>"; };
		FFFAB2781F1538A0007662CA /* ToDo.h */ = {isa = PBXFileReference; fileEncoding = 4; lastKnownFileType = sourcecode.c.h; path = ToDo.h; sourceTree = "<group>"; };
		FFFAB2791F1538A0007662CA /* ToDo.m */ = {isa = PBXFileReference; fileEncoding = 4; lastKnownFileType = sourcecode.c.objc; path = ToDo.m; sourceTree = "<group>"; };
		FFFAB27B1F153C73007662CA /* ToDoTableViewCell.h */ = {isa = PBXFileReference; fileEncoding = 4; lastKnownFileType = sourcecode.c.h; path = ToDoTableViewCell.h; sourceTree = "<group>"; };
		FFFAB27C1F153C73007662CA /* ToDoTableViewCell.m */ = {isa = PBXFileReference; fileEncoding = 4; lastKnownFileType = sourcecode.c.objc; path = ToDoTableViewCell.m; sourceTree = "<group>"; };
		FFFAB27E1F155C76007662CA /* NewItemViewController.h */ = {isa = PBXFileReference; fileEncoding = 4; lastKnownFileType = sourcecode.c.h; path = NewItemViewController.h; sourceTree = "<group>"; };
		FFFAB27F1F155C76007662CA /* NewItemViewController.m */ = {isa = PBXFileReference; fileEncoding = 4; lastKnownFileType = sourcecode.c.objc; path = NewItemViewController.m; sourceTree = "<group>"; };
/* End PBXFileReference section */

/* Begin PBXFrameworksBuildPhase section */
		FFFAB2581F15334C007662CA /* Frameworks */ = {
			isa = PBXFrameworksBuildPhase;
			buildActionMask = 2147483647;
			files = (
			);
			runOnlyForDeploymentPostprocessing = 0;
		};
/* End PBXFrameworksBuildPhase section */

/* Begin PBXGroup section */
		FFFAB2521F15334C007662CA = {
			isa = PBXGroup;
			children = (
				FFFAB25D1F15334C007662CA /* EveryDo */,
				FFFAB25C1F15334C007662CA /* Products */,
			);
			sourceTree = "<group>";
		};
		FFFAB25C1F15334C007662CA /* Products */ = {
			isa = PBXGroup;
			children = (
				FFFAB25B1F15334C007662CA /* EveryDo.app */,
			);
			name = Products;
			sourceTree = "<group>";
		};
		FFFAB25D1F15334C007662CA /* EveryDo */ = {
			isa = PBXGroup;
			children = (
				FFFAB2641F15334C007662CA /* MasterViewController.h */,
				FFFAB2651F15334C007662CA /* MasterViewController.m */,
				FFFAB2671F15334C007662CA /* DetailViewController.h */,
				FFFAB2681F15334C007662CA /* DetailViewController.m */,
				FFFAB2781F1538A0007662CA /* ToDo.h */,
				FFFAB2791F1538A0007662CA /* ToDo.m */,
				FFFAB27B1F153C73007662CA /* ToDoTableViewCell.h */,
				FFFAB27C1F153C73007662CA /* ToDoTableViewCell.m */,
				FFFAB27E1F155C76007662CA /* NewItemViewController.h */,
				FFFAB27F1F155C76007662CA /* NewItemViewController.m */,
				FFFAB26A1F15334C007662CA /* Main.storyboard */,
				FFFAB25E1F15334C007662CA /* Supporting Files */,
			);
			path = EveryDo;
			sourceTree = "<group>";
		};
		FFFAB25E1F15334C007662CA /* Supporting Files */ = {
			isa = PBXGroup;
			children = (
				FFFAB26F1F15334C007662CA /* LaunchScreen.storyboard */,
				FFFAB26D1F15334C007662CA /* Assets.xcassets */,
				FFFAB2721F15334C007662CA /* Info.plist */,
				FFFAB2611F15334C007662CA /* AppDelegate.h */,
				FFFAB2621F15334C007662CA /* AppDelegate.m */,
				FFFAB25F1F15334C007662CA /* main.m */,
			);
			name = "Supporting Files";
			sourceTree = "<group>";
		};
/* End PBXGroup section */

/* Begin PBXNativeTarget section */
		FFFAB25A1F15334C007662CA /* EveryDo */ = {
			isa = PBXNativeTarget;
			buildConfigurationList = FFFAB2751F15334C007662CA /* Build configuration list for PBXNativeTarget "EveryDo" */;
			buildPhases = (
				FFFAB2571F15334C007662CA /* Sources */,
				FFFAB2581F15334C007662CA /* Frameworks */,
				FFFAB2591F15334C007662CA /* Resources */,
			);
			buildRules = (
			);
			dependencies = (
			);
			name = EveryDo;
			productName = EveryDo;
			productReference = FFFAB25B1F15334C007662CA /* EveryDo.app */;
			productType = "com.apple.product-type.application";
		};
/* End PBXNativeTarget section */

/* Begin PBXProject section */
		FFFAB2531F15334C007662CA /* Project object */ = {
			isa = PBXProject;
			attributes = {
				LastUpgradeCheck = 0830;
				ORGANIZATIONNAME = "Sav Inc.";
				TargetAttributes = {
					FFFAB25A1F15334C007662CA = {
						CreatedOnToolsVersion = 8.3.2;
						DevelopmentTeam = 76WZ7VC9P2;
						ProvisioningStyle = Automatic;
					};
				};
			};
			buildConfigurationList = FFFAB2561F15334C007662CA /* Build configuration list for PBXProject "EveryDo" */;
			compatibilityVersion = "Xcode 3.2";
			developmentRegion = English;
			hasScannedForEncodings = 0;
			knownRegions = (
				en,
				Base,
			);
			mainGroup = FFFAB2521F15334C007662CA;
			productRefGroup = FFFAB25C1F15334C007662CA /* Products */;
			projectDirPath = "";
			projectRoot = "";
			targets = (
				FFFAB25A1F15334C007662CA /* EveryDo */,
			);
		};
/* End PBXProject section */

/* Begin PBXResourcesBuildPhase section */
		FFFAB2591F15334C007662CA /* Resources */ = {
			isa = PBXResourcesBuildPhase;
			buildActionMask = 2147483647;
			files = (
				FFFAB2711F15334C007662CA /* LaunchScreen.storyboard in Resources */,
				FFFAB26E1F15334C007662CA /* Assets.xcassets in Resources */,
				FFFAB26C1F15334C007662CA /* Main.storyboard in Resources */,
			);
			runOnlyForDeploymentPostprocessing = 0;
		};
/* End PBXResourcesBuildPhase section */

/* Begin PBXSourcesBuildPhase section */
		FFFAB2571F15334C007662CA /* Sources */ = {
			isa = PBXSourcesBuildPhase;
			buildActionMask = 2147483647;
			files = (
				FFFAB27A1F1538A0007662CA /* ToDo.m in Sources */,
				FFFAB2631F15334C007662CA /* AppDelegate.m in Sources */,
				FFFAB2661F15334C007662CA /* MasterViewController.m in Sources */,
				FFFAB27D1F153C73007662CA /* ToDoTableViewCell.m in Sources */,
				FFFAB2801F155C76007662CA /* NewItemViewController.m in Sources */,
				FFFAB2601F15334C007662CA /* main.m in Sources */,
				FFFAB2691F15334C007662CA /* DetailViewController.m in Sources */,
			);
			runOnlyForDeploymentPostprocessing = 0;
		};
/* End PBXSourcesBuildPhase section */

/* Begin PBXVariantGroup section */
		FFFAB26A1F15334C007662CA /* Main.storyboard */ = {
			isa = PBXVariantGroup;
			children = (
				FFFAB26B1F15334C007662CA /* Base */,
			);
			name = Main.storyboard;
			sourceTree = "<group>";
		};
		FFFAB26F1F15334C007662CA /* LaunchScreen.storyboard */ = {
			isa = PBXVariantGroup;
			children = (
				FFFAB2701F15334C007662CA /* Base */,
			);
			name = LaunchScreen.storyboard;
			sourceTree = "<group>";
		};
/* End PBXVariantGroup section */

/* Begin XCBuildConfiguration section */
		FFFAB2731F15334C007662CA /* Debug */ = {
			isa = XCBuildConfiguration;
			buildSettings = {
				ALWAYS_SEARCH_USER_PATHS = NO;
				CLANG_ANALYZER_NONNULL = YES;
				CLANG_ANALYZER_NUMBER_OBJECT_CONVERSION = YES_AGGRESSIVE;
				CLANG_CXX_LANGUAGE_STANDARD = "gnu++0x";
				CLANG_CXX_LIBRARY = "libc++";
				CLANG_ENABLE_MODULES = YES;
				CLANG_ENABLE_OBJC_ARC = YES;
				CLANG_WARN_BOOL_CONVERSION = YES;
				CLANG_WARN_CONSTANT_CONVERSION = YES;
				CLANG_WARN_DIRECT_OBJC_ISA_USAGE = YES_ERROR;
				CLANG_WARN_DOCUMENTATION_COMMENTS = YES;
				CLANG_WARN_EMPTY_BODY = YES;
				CLANG_WARN_ENUM_CONVERSION = YES;
				CLANG_WARN_INFINITE_RECURSION = YES;
				CLANG_WARN_INT_CONVERSION = YES;
				CLANG_WARN_OBJC_ROOT_CLASS = YES_ERROR;
				CLANG_WARN_SUSPICIOUS_MOVE = YES;
				CLANG_WARN_UNREACHABLE_CODE = YES;
				CLANG_WARN__DUPLICATE_METHOD_MATCH = YES;
				"CODE_SIGN_IDENTITY[sdk=iphoneos*]" = "iPhone Developer";
				COPY_PHASE_STRIP = NO;
				DEBUG_INFORMATION_FORMAT = dwarf;
				ENABLE_STRICT_OBJC_MSGSEND = YES;
				ENABLE_TESTABILITY = YES;
				GCC_C_LANGUAGE_STANDARD = gnu99;
				GCC_DYNAMIC_NO_PIC = NO;
				GCC_NO_COMMON_BLOCKS = YES;
				GCC_OPTIMIZATION_LEVEL = 0;
				GCC_PREPROCESSOR_DEFINITIONS = (
					"DEBUG=1",
					"$(inherited)",
				);
				GCC_WARN_64_TO_32_BIT_CONVERSION = YES;
				GCC_WARN_ABOUT_RETURN_TYPE = YES_ERROR;
				GCC_WARN_UNDECLARED_SELECTOR = YES;
				GCC_WARN_UNINITIALIZED_AUTOS = YES_AGGRESSIVE;
				GCC_WARN_UNUSED_FUNCTION = YES;
				GCC_WARN_UNUSED_VARIABLE = YES;
				IPHONEOS_DEPLOYMENT_TARGET = 10.3;
				MTL_ENABLE_DEBUG_INFO = YES;
				ONLY_ACTIVE_ARCH = YES;
				SDKROOT = iphoneos;
				TARGETED_DEVICE_FAMILY = "1,2";
			};
			name = Debug;
		};
		FFFAB2741F15334C007662CA /* Release */ = {
			isa = XCBuildConfiguration;
			buildSettings = {
				ALWAYS_SEARCH_USER_PATHS = NO;
				CLANG_ANALYZER_NONNULL = YES;
				CLANG_ANALYZER_NUMBER_OBJECT_CONVERSION = YES_AGGRESSIVE;
				CLANG_CXX_LANGUAGE_STANDARD = "gnu++0x";
				CLANG_CXX_LIBRARY = "libc++";
				CLANG_ENABLE_MODULES = YES;
				CLANG_ENABLE_OBJC_ARC = YES;
				CLANG_WARN_BOOL_CONVERSION = YES;
				CLANG_WARN_CONSTANT_CONVERSION = YES;
				CLANG_WARN_DIRECT_OBJC_ISA_USAGE = YES_ERROR;
				CLANG_WARN_DOCUMENTATION_COMMENTS = YES;
				CLANG_WARN_EMPTY_BODY = YES;
				CLANG_WARN_ENUM_CONVERSION = YES;
				CLANG_WARN_INFINITE_RECURSION = YES;
				CLANG_WARN_INT_CONVERSION = YES;
				CLANG_WARN_OBJC_ROOT_CLASS = YES_ERROR;
				CLANG_WARN_SUSPICIOUS_MOVE = YES;
				CLANG_WARN_UNREACHABLE_CODE = YES;
				CLANG_WARN__DUPLICATE_METHOD_MATCH = YES;
				"CODE_SIGN_IDENTITY[sdk=iphoneos*]" = "iPhone Developer";
				COPY_PHASE_STRIP = NO;
				DEBUG_INFORMATION_FORMAT = "dwarf-with-dsym";
				ENABLE_NS_ASSERTIONS = NO;
				ENABLE_STRICT_OBJC_MSGSEND = YES;
				GCC_C_LANGUAGE_STANDARD = gnu99;
				GCC_NO_COMMON_BLOCKS = YES;
				GCC_WARN_64_TO_32_BIT_CONVERSION = YES;
				GCC_WARN_ABOUT_RETURN_TYPE = YES_ERROR;
				GCC_WARN_UNDECLARED_SELECTOR = YES;
				GCC_WARN_UNINITIALIZED_AUTOS = YES_AGGRESSIVE;
				GCC_WARN_UNUSED_FUNCTION = YES;
				GCC_WARN_UNUSED_VARIABLE = YES;
				IPHONEOS_DEPLOYMENT_TARGET = 10.3;
				MTL_ENABLE_DEBUG_INFO = NO;
				SDKROOT = iphoneos;
				TARGETED_DEVICE_FAMILY = "1,2";
				VALIDATE_PRODUCT = YES;
			};
			name = Release;
		};
		FFFAB2761F15334C007662CA /* Debug */ = {
			isa = XCBuildConfiguration;
			buildSettings = {
				ASSETCATALOG_COMPILER_APPICON_NAME = AppIcon;
				DEVELOPMENT_TEAM = 76WZ7VC9P2;
				INFOPLIST_FILE = EveryDo/Info.plist;
				LD_RUNPATH_SEARCH_PATHS = "$(inherited) @executable_path/Frameworks";
				PRODUCT_BUNDLE_IDENTIFIER = "Alex-Wymer.EveryDo";
				PRODUCT_NAME = "$(TARGET_NAME)";
			};
			name = Debug;
		};
		FFFAB2771F15334C007662CA /* Release */ = {
			isa = XCBuildConfiguration;
			buildSettings = {
				ASSETCATALOG_COMPILER_APPICON_NAME = AppIcon;
				DEVELOPMENT_TEAM = 76WZ7VC9P2;
				INFOPLIST_FILE = EveryDo/Info.plist;
				LD_RUNPATH_SEARCH_PATHS = "$(inherited) @executable_path/Frameworks";
				PRODUCT_BUNDLE_IDENTIFIER = "Alex-Wymer.EveryDo";
				PRODUCT_NAME = "$(TARGET_NAME)";
			};
			name = Release;
		};
/* End XCBuildConfiguration section */

/* Begin XCConfigurationList section */
		FFFAB2561F15334C007662CA /* Build configuration list for PBXProject "EveryDo" */ = {
			isa = XCConfigurationList;
			buildConfigurations = (
				FFFAB2731F15334C007662CA /* Debug */,
				FFFAB2741F15334C007662CA /* Release */,
			);
			defaultConfigurationIsVisible = 0;
			defaultConfigurationName = Release;
		};
		FFFAB2751F15334C007662CA /* Build configuration list for PBXNativeTarget "EveryDo" */ = {
			isa = XCConfigurationList;
			buildConfigurations = (
				FFFAB2761F15334C007662CA /* Debug */,
				FFFAB2771F15334C007662CA /* Release */,
			);
			defaultConfigurationIsVisible = 0;
		};
/* End XCConfigurationList section */
	};
	rootObject = FFFAB2531F15334C007662CA /* Project object */;
}
